
Microsoft Visual Studio Solution File, Format Version 12.00
# Visual Studio Version 17
VisualStudioVersion = 17.4.33205.214
MinimumVisualStudioVersion = 10.0.40219.1
Project("{FAE04EC0-301F-11D3-BF4B-00C04F79EFBC}") = "LeaveManagement_WebMVC", "LeaveManagement_WebMVC\LeaveManagement_WebMVC.csproj", "{085D7019-D617-43A3-A0D5-FAA2F90C96F2}"
EndProject
Global
	GlobalSection(SolutionConfigurationPlatforms) = preSolution
		Debug|Any CPU = Debug|Any CPU
		Release|Any CPU = Release|Any CPU
	EndGlobalSection
	GlobalSection(ProjectConfigurationPlatforms) = postSolution
		{085D7019-D617-43A3-A0D5-FAA2F90C96F2}.Debug|Any CPU.ActiveCfg = Debug|Any CPU
		{085D7019-D617-43A3-A0D5-FAA2F90C96F2}.Debug|Any CPU.Build.0 = Debug|Any CPU
		{085D7019-D617-43A3-A0D5-FAA2F90C96F2}.Release|Any CPU.ActiveCfg = Release|Any CPU
		{085D7019-D617-43A3-A0D5-FAA2F90C96F2}.Release|Any CPU.Build.0 = Release|Any CPU
	EndGlobalSection
	GlobalSection(SolutionProperties) = preSolution
		HideSolutionNode = FALSE
	EndGlobalSection
	GlobalSection(ExtensibilityGlobals) = postSolution
		SolutionGuid = {256D998A-5440-44D0-B382-FC1BCA7D54DD}
	EndGlobalSection
EndGlobal
